
Microsoft Visual Studio Solution File, Format Version 12.00
# Visual Studio 14
VisualStudioVersion = 14.0.25420.1
MinimumVisualStudioVersion = 10.0.40219.1
Project("{FAE04EC0-301F-11D3-BF4B-00C04F79EFBC}") = "Projeto01", "Projeto01\Projeto01.csproj", "{0256C707-3B48-4404-ADF8-0D1498949DBA}"
EndProject
Global
	GlobalSection(SolutionConfigurationPlatforms) = preSolution
		Debug|Any CPU = Debug|Any CPU
		Release|Any CPU = Release|Any CPU
	EndGlobalSection
	GlobalSection(ProjectConfigurationPlatforms) = postSolution
		{0256C707-3B48-4404-ADF8-0D1498949DBA}.Debug|Any CPU.ActiveCfg = Debug|Any CPU
		{0256C707-3B48-4404-ADF8-0D1498949DBA}.Debug|Any CPU.Build.0 = Debug|Any CPU
		{0256C707-3B48-4404-ADF8-0D1498949DBA}.Release|Any CPU.ActiveCfg = Release|Any CPU
		{0256C707-3B48-4404-ADF8-0D1498949DBA}.Release|Any CPU.Build.0 = Release|Any CPU
	EndGlobalSection
	GlobalSection(SolutionProperties) = preSolution
		HideSolutionNode = FALSE
	EndGlobalSection
EndGlobal
